
Microsoft Visual Studio Solution File, Format Version 12.00
# Visual Studio 15
VisualStudioVersion = 15.0.28307.489
MinimumVisualStudioVersion = 10.0.40219.1
Project("{FAE04EC0-301F-11D3-BF4B-00C04F79EFBC}") = "Blackjack", "Blackjack\Blackjack.csproj", "{27C63498-E091-4387-B1BB-5CDDA1D5BB33}"
EndProject
Project("{2150E333-8FDC-42A3-9474-1A3956D46DE8}") = "doc", "doc", "{B0CC6CDF-2455-4BD7-8A7B-5AB2FCE1B3E6}"
	ProjectSection(SolutionItems) = preProject
		ReadMe.md = ReadMe.md
	EndProjectSection
EndProject
Global
	GlobalSection(SolutionConfigurationPlatforms) = preSolution
		Debug|Any CPU = Debug|Any CPU
		Release|Any CPU = Release|Any CPU
	EndGlobalSection
	GlobalSection(ProjectConfigurationPlatforms) = postSolution
		{27C63498-E091-4387-B1BB-5CDDA1D5BB33}.Debug|Any CPU.ActiveCfg = Debug|Any CPU
		{27C63498-E091-4387-B1BB-5CDDA1D5BB33}.Debug|Any CPU.Build.0 = Debug|Any CPU
		{27C63498-E091-4387-B1BB-5CDDA1D5BB33}.Release|Any CPU.ActiveCfg = Release|Any CPU
		{27C63498-E091-4387-B1BB-5CDDA1D5BB33}.Release|Any CPU.Build.0 = Release|Any CPU
	EndGlobalSection
	GlobalSection(SolutionProperties) = preSolution
		HideSolutionNode = FALSE
	EndGlobalSection
	GlobalSection(ExtensibilityGlobals) = postSolution
		SolutionGuid = {549EBFCE-0812-497C-A1DB-18FF3EC4C93F}
	EndGlobalSection
EndGlobal
